
Microsoft Visual Studio Solution File, Format Version 12.00
# Visual Studio 15
VisualStudioVersion = 15.0.26124.0
MinimumVisualStudioVersion = 15.0.26124.0
Project("{FAE04EC0-301F-11D3-BF4B-00C04F79EFBC}") = "MyLib", "MyLib\MyLib.csproj", "{62A08841-4ACD-4EFE-B537-9FB79AB8708C}"
EndProject
Project("{FAE04EC0-301F-11D3-BF4B-00C04F79EFBC}") = "MyLibTests", "MyLibTests\MyLibTests.csproj", "{782D9A27-351F-44F6-A0EF-FB812C91FC18}"
EndProject
Global
	GlobalSection(SolutionConfigurationPlatforms) = preSolution
		Debug|Any CPU = Debug|Any CPU
		Debug|x64 = Debug|x64
		Debug|x86 = Debug|x86
		Release|Any CPU = Release|Any CPU
		Release|x64 = Release|x64
		Release|x86 = Release|x86
	EndGlobalSection
	GlobalSection(SolutionProperties) = preSolution
		HideSolutionNode = FALSE
	EndGlobalSection
	GlobalSection(ProjectConfigurationPlatforms) = postSolution
		{62A08841-4ACD-4EFE-B537-9FB79AB8708C}.Debug|Any CPU.ActiveCfg = Debug|Any CPU
		{62A08841-4ACD-4EFE-B537-9FB79AB8708C}.Debug|Any CPU.Build.0 = Debug|Any CPU
		{62A08841-4ACD-4EFE-B537-9FB79AB8708C}.Debug|x64.ActiveCfg = Debug|Any CPU
		{62A08841-4ACD-4EFE-B537-9FB79AB8708C}.Debug|x64.Build.0 = Debug|Any CPU
		{62A08841-4ACD-4EFE-B537-9FB79AB8708C}.Debug|x86.ActiveCfg = Debug|Any CPU
		{62A08841-4ACD-4EFE-B537-9FB79AB8708C}.Debug|x86.Build.0 = Debug|Any CPU
		{62A08841-4ACD-4EFE-B537-9FB79AB8708C}.Release|Any CPU.ActiveCfg = Release|Any CPU
		{62A08841-4ACD-4EFE-B537-9FB79AB8708C}.Release|Any CPU.Build.0 = Release|Any CPU
		{62A08841-4ACD-4EFE-B537-9FB79AB8708C}.Release|x64.ActiveCfg = Release|Any CPU
		{62A08841-4ACD-4EFE-B537-9FB79AB8708C}.Release|x64.Build.0 = Release|Any CPU
		{62A08841-4ACD-4EFE-B537-9FB79AB8708C}.Release|x86.ActiveCfg = Release|Any CPU
		{62A08841-4ACD-4EFE-B537-9FB79AB8708C}.Release|x86.Build.0 = Release|Any CPU
		{782D9A27-351F-44F6-A0EF-FB812C91FC18}.Debug|Any CPU.ActiveCfg = Debug|Any CPU
		{782D9A27-351F-44F6-A0EF-FB812C91FC18}.Debug|Any CPU.Build.0 = Debug|Any CPU
		{782D9A27-351F-44F6-A0EF-FB812C91FC18}.Debug|x64.ActiveCfg = Debug|Any CPU
		{782D9A27-351F-44F6-A0EF-FB812C91FC18}.Debug|x64.Build.0 = Debug|Any CPU
		{782D9A27-351F-44F6-A0EF-FB812C91FC18}.Debug|x86.ActiveCfg = Debug|Any CPU
		{782D9A27-351F-44F6-A0EF-FB812C91FC18}.Debug|x86.Build.0 = Debug|Any CPU
		{782D9A27-351F-44F6-A0EF-FB812C91FC18}.Release|Any CPU.ActiveCfg = Release|Any CPU
		{782D9A27-351F-44F6-A0EF-FB812C91FC18}.Release|Any CPU.Build.0 = Release|Any CPU
		{782D9A27-351F-44F6-A0EF-FB812C91FC18}.Release|x64.ActiveCfg = Release|Any CPU
		{782D9A27-351F-44F6-A0EF-FB812C91FC18}.Release|x64.Build.0 = Release|Any CPU
		{782D9A27-351F-44F6-A0EF-FB812C91FC18}.Release|x86.ActiveCfg = Release|Any CPU
		{782D9A27-351F-44F6-A0EF-FB812C91FC18}.Release|x86.Build.0 = Release|Any CPU
	EndGlobalSection
EndGlobal
